
Microsoft Visual Studio Solution File, Format Version 12.00
# Visual Studio Version 16
VisualStudioVersion = 16.0.31424.327
MinimumVisualStudioVersion = 10.0.40219.1
Project("{FAE04EC0-301F-11D3-BF4B-00C04F79EFBC}") = "MyLab.Search.Indexer", "MyLab.Search.Indexer\MyLab.Search.Indexer.csproj", "{A7D0383C-3FF0-4756-9B3F-263E0D001335}"
EndProject
Global
	GlobalSection(SolutionConfigurationPlatforms) = preSolution
		Debug|Any CPU = Debug|Any CPU
		Release|Any CPU = Release|Any CPU
	EndGlobalSection
	GlobalSection(ProjectConfigurationPlatforms) = postSolution
		{A7D0383C-3FF0-4756-9B3F-263E0D001335}.Debug|Any CPU.ActiveCfg = Debug|Any CPU
		{A7D0383C-3FF0-4756-9B3F-263E0D001335}.Debug|Any CPU.Build.0 = Debug|Any CPU
		{A7D0383C-3FF0-4756-9B3F-263E0D001335}.Release|Any CPU.ActiveCfg = Release|Any CPU
		{A7D0383C-3FF0-4756-9B3F-263E0D001335}.Release|Any CPU.Build.0 = Release|Any CPU
	EndGlobalSection
	GlobalSection(SolutionProperties) = preSolution
		HideSolutionNode = FALSE
	EndGlobalSection
	GlobalSection(ExtensibilityGlobals) = postSolution
		SolutionGuid = {8D8B5B12-8CB3-428C-98FE-D4EC8556EAC3}
	EndGlobalSection
EndGlobal
